
Microsoft Visual Studio Solution File, Format Version 12.00
# Visual Studio Version 17
VisualStudioVersion = 17.2.32526.322
MinimumVisualStudioVersion = 10.0.40219.1
Project("{9A19103F-16F7-4668-BE54-9A1E7A4F7556}") = "Sigma.IOT.API", "Sigma.IOT.API\Sigma.IOT.API.csproj", "{018F0C09-EF02-46FB-9F55-BE73EE88B87D}"
EndProject
Project("{FAE04EC0-301F-11D3-BF4B-00C04F79EFBC}") = "Sigma.IOT.MSTest", "Sigma.IOT.MSTest\Sigma.IOT.MSTest.csproj", "{CAED9DEE-2DFC-4A97-A495-3F433EF934F9}"
EndProject
Global
	GlobalSection(SolutionConfigurationPlatforms) = preSolution
		Debug|Any CPU = Debug|Any CPU
		Release|Any CPU = Release|Any CPU
	EndGlobalSection
	GlobalSection(ProjectConfigurationPlatforms) = postSolution
		{018F0C09-EF02-46FB-9F55-BE73EE88B87D}.Debug|Any CPU.ActiveCfg = Debug|Any CPU
		{018F0C09-EF02-46FB-9F55-BE73EE88B87D}.Debug|Any CPU.Build.0 = Debug|Any CPU
		{018F0C09-EF02-46FB-9F55-BE73EE88B87D}.Release|Any CPU.ActiveCfg = Release|Any CPU
		{018F0C09-EF02-46FB-9F55-BE73EE88B87D}.Release|Any CPU.Build.0 = Release|Any CPU
		{CAED9DEE-2DFC-4A97-A495-3F433EF934F9}.Debug|Any CPU.ActiveCfg = Debug|Any CPU
		{CAED9DEE-2DFC-4A97-A495-3F433EF934F9}.Debug|Any CPU.Build.0 = Debug|Any CPU
		{CAED9DEE-2DFC-4A97-A495-3F433EF934F9}.Release|Any CPU.ActiveCfg = Release|Any CPU
		{CAED9DEE-2DFC-4A97-A495-3F433EF934F9}.Release|Any CPU.Build.0 = Release|Any CPU
	EndGlobalSection
	GlobalSection(SolutionProperties) = preSolution
		HideSolutionNode = FALSE
	EndGlobalSection
	GlobalSection(ExtensibilityGlobals) = postSolution
		SolutionGuid = {1F23110F-7D92-44DC-B03C-5B01CC41EF88}
	EndGlobalSection
EndGlobal
